
Microsoft Visual Studio Solution File, Format Version 12.00
# Visual Studio 2017
Project("{FAE04EC0-301F-11D3-BF4B-00C04F79EFBC}") = "TEST PROGRAM", "TEST PROGRAM.csproj", "{9D1BC67C-4D86-51E9-ED6D-FB94438F3052}"
EndProject
Project("{FAE04EC0-301F-11D3-BF4B-00C04F79EFBC}") = "TEST PROGRAM.Plugins", "TEST PROGRAM.Plugins.csproj", "{F9355651-E309-3AB4-100D-47D0267204F1}"
EndProject
Project("{FAE04EC0-301F-11D3-BF4B-00C04F79EFBC}") = "TEST PROGRAM.Editor.Plugins", "TEST PROGRAM.Editor.Plugins.csproj", "{440AC057-C375-0104-A086-CB458A2D8700}"
EndProject
Global
	GlobalSection(SolutionConfigurationPlatforms) = preSolution
		Debug|Any CPU = Debug|Any CPU
		Release|Any CPU = Release|Any CPU
	EndGlobalSection
	GlobalSection(ProjectConfigurationPlatforms) = postSolution
		{9D1BC67C-4D86-51E9-ED6D-FB94438F3052}.Debug|Any CPU.ActiveCfg = Debug|Any CPU
		{9D1BC67C-4D86-51E9-ED6D-FB94438F3052}.Debug|Any CPU.Build.0 = Debug|Any CPU
		{9D1BC67C-4D86-51E9-ED6D-FB94438F3052}.Release|Any CPU.ActiveCfg = Release|Any CPU
		{9D1BC67C-4D86-51E9-ED6D-FB94438F3052}.Release|Any CPU.Build.0 = Release|Any CPU
		{F9355651-E309-3AB4-100D-47D0267204F1}.Debug|Any CPU.ActiveCfg = Debug|Any CPU
		{F9355651-E309-3AB4-100D-47D0267204F1}.Debug|Any CPU.Build.0 = Debug|Any CPU
		{F9355651-E309-3AB4-100D-47D0267204F1}.Release|Any CPU.ActiveCfg = Release|Any CPU
		{F9355651-E309-3AB4-100D-47D0267204F1}.Release|Any CPU.Build.0 = Release|Any CPU
		{440AC057-C375-0104-A086-CB458A2D8700}.Debug|Any CPU.ActiveCfg = Debug|Any CPU
		{440AC057-C375-0104-A086-CB458A2D8700}.Debug|Any CPU.Build.0 = Debug|Any CPU
		{440AC057-C375-0104-A086-CB458A2D8700}.Release|Any CPU.ActiveCfg = Release|Any CPU
		{440AC057-C375-0104-A086-CB458A2D8700}.Release|Any CPU.Build.0 = Release|Any CPU
	EndGlobalSection
	GlobalSection(SolutionProperties) = preSolution
		HideSolutionNode = FALSE
	EndGlobalSection
EndGlobal
